
Microsoft Visual Studio Solution File, Format Version 12.00
# Visual Studio 15
VisualStudioVersion = 15.0.27703.2000
MinimumVisualStudioVersion = 10.0.40219.1
Project("{FAE04EC0-301F-11D3-BF4B-00C04F79EFBC}") = "Лабораторная Работа 10", "Лабораторная Работа 10\Лабораторная Работа 10.csproj", "{0B2A3BE1-7785-4F89-9D90-15C1D0DC8A0C}"
EndProject
Global
	GlobalSection(SolutionConfigurationPlatforms) = preSolution
		Debug|Any CPU = Debug|Any CPU
		Release|Any CPU = Release|Any CPU
	EndGlobalSection
	GlobalSection(ProjectConfigurationPlatforms) = postSolution
		{0B2A3BE1-7785-4F89-9D90-15C1D0DC8A0C}.Debug|Any CPU.ActiveCfg = Debug|Any CPU
		{0B2A3BE1-7785-4F89-9D90-15C1D0DC8A0C}.Debug|Any CPU.Build.0 = Debug|Any CPU
		{0B2A3BE1-7785-4F89-9D90-15C1D0DC8A0C}.Release|Any CPU.ActiveCfg = Release|Any CPU
		{0B2A3BE1-7785-4F89-9D90-15C1D0DC8A0C}.Release|Any CPU.Build.0 = Release|Any CPU
	EndGlobalSection
	GlobalSection(SolutionProperties) = preSolution
		HideSolutionNode = FALSE
	EndGlobalSection
	GlobalSection(ExtensibilityGlobals) = postSolution
		SolutionGuid = {A1E6F3CC-F43B-44A4-BBA5-B2E888842E4A}
	EndGlobalSection
EndGlobal
